// !$*UTF8*$!
{
	archiveVersion = 1;
	classes = {
	};
	objectVersion = 46;
	objects = {

/* Begin PBXBuildFile section */
		31857239510A4C7D18157BD9 /* Pods_LETSPARTYUITests.framework in Frameworks */ = {isa = PBXBuildFile; fileRef = FA95757174AAB377E644C058 /* Pods_LETSPARTYUITests.framework */; };
		4FFF1395511E84DC611EB7E9 /* Pods_LETSPARTY.framework in Frameworks */ = {isa = PBXBuildFile; fileRef = 938124258DAE9F9CAFEC306F /* Pods_LETSPARTY.framework */; };
		5A48687B1DEF52AC00CCE08E /* LoginController.swift in Sources */ = {isa = PBXBuildFile; fileRef = 5A48687A1DEF52AC00CCE08E /* LoginController.swift */; };
		5A48687D1DEF53A400CCE08E /* GoogleService-Info.plist in Resources */ = {isa = PBXBuildFile; fileRef = 5A48687C1DEF53A400CCE08E /* GoogleService-Info.plist */; };
		5A4B81E61DF4740C003A0CD2 /* User.swift in Sources */ = {isa = PBXBuildFile; fileRef = 5A4B81E51DF4740C003A0CD2 /* User.swift */; };
		5A4B81E81DF48039003A0CD2 /* NewMessageController.swift in Sources */ = {isa = PBXBuildFile; fileRef = 5A4B81E71DF48039003A0CD2 /* NewMessageController.swift */; };
		5A4B81EB1DF48137003A0CD2 /* UserCell.swift in Sources */ = {isa = PBXBuildFile; fileRef = 5A4B81EA1DF48137003A0CD2 /* UserCell.swift */; };
		5A4B81ED1DF48168003A0CD2 /* Message.swift in Sources */ = {isa = PBXBuildFile; fileRef = 5A4B81EC1DF48168003A0CD2 /* Message.swift */; };
		5A4B81FA1DF520CC003A0CD2 /* MessagesController.swift in Sources */ = {isa = PBXBuildFile; fileRef = 5A4B81F91DF520CC003A0CD2 /* MessagesController.swift */; };
		5A4B81FC1DF5215C003A0CD2 /* LoginController+handler.swift in Sources */ = {isa = PBXBuildFile; fileRef = 5A4B81FB1DF5215C003A0CD2 /* LoginController+handler.swift */; };
		5A4B81FE1DF5219D003A0CD2 /* ChatLogController.swift in Sources */ = {isa = PBXBuildFile; fileRef = 5A4B81FD1DF5219D003A0CD2 /* ChatLogController.swift */; };
		5A4B82001DF521D3003A0CD2 /* ChatMessageCell.swift in Sources */ = {isa = PBXBuildFile; fileRef = 5A4B81FF1DF521D3003A0CD2 /* ChatMessageCell.swift */; };
		5A4B82021DF52225003A0CD2 /* ChatInputContainerView.swift in Sources */ = {isa = PBXBuildFile; fileRef = 5A4B82011DF52225003A0CD2 /* ChatInputContainerView.swift */; };
		5A4B82051DF52244003A0CD2 /* Extensions.swift in Sources */ = {isa = PBXBuildFile; fileRef = 5A4B82041DF52244003A0CD2 /* Extensions.swift */; };
		5A97387E1DEF55E300A1A176 /* loginBackground.png in Resources */ = {isa = PBXBuildFile; fileRef = 5A97387D1DEF55E300A1A176 /* loginBackground.png */; };
		5A9738801DEF55EE00A1A176 /* Banner.png in Resources */ = {isa = PBXBuildFile; fileRef = 5A97387F1DEF55EE00A1A176 /* Banner.png */; };
		5A9826181DF6010C00BD4790 /* new_message_icon@3x.png in Resources */ = {isa = PBXBuildFile; fileRef = 5A9826171DF6010B00BD4790 /* new_message_icon@3x.png */; };
		5A98261A1DF6043E00BD4790 /* throw-party-background.png in Resources */ = {isa = PBXBuildFile; fileRef = 5A9826191DF6043E00BD4790 /* throw-party-background.png */; };
		5A98261C1DF6082100BD4790 /* upload_image_icon@2x.png in Resources */ = {isa = PBXBuildFile; fileRef = 5A98261B1DF6082100BD4790 /* upload_image_icon@2x.png */; };
		5A98261F1DF656FE00BD4790 /* partyLogo5.png in Resources */ = {isa = PBXBuildFile; fileRef = 5A98261E1DF656FE00BD4790 /* partyLogo5.png */; };
		5A9826211DF658BB00BD4790 /* id-card.png in Resources */ = {isa = PBXBuildFile; fileRef = 5A9826201DF658BB00BD4790 /* id-card.png */; };
		5A9826231DF6595300BD4790 /* earth-usa.png in Resources */ = {isa = PBXBuildFile; fileRef = 5A9826221DF6595300BD4790 /* earth-usa.png */; };
		5A9826251DF8638B00BD4790 /* InfoController.swift in Sources */ = {isa = PBXBuildFile; fileRef = 5A9826241DF8638B00BD4790 /* InfoController.swift */; };
		6C4CD54B1DA20324005C979A /* AppDelegate.swift in Sources */ = {isa = PBXBuildFile; fileRef = 6C4CD54A1DA20324005C979A /* AppDelegate.swift */; };
		6C4CD5501DA20324005C979A /* Main.storyboard in Resources */ = {isa = PBXBuildFile; fileRef = 6C4CD54E1DA20324005C979A /* Main.storyboard */; };
		6C4CD5531DA20324005C979A /* LETSPARTY.xcdatamodeld in Sources */ = {isa = PBXBuildFile; fileRef = 6C4CD5511DA20324005C979A /* LETSPARTY.xcdatamodeld */; };
		6C4CD5551DA20324005C979A /* Assets.xcassets in Resources */ = {isa = PBXBuildFile; fileRef = 6C4CD5541DA20324005C979A /* Assets.xcassets */; };
		6C4CD5581DA20324005C979A /* LaunchScreen.storyboard in Resources */ = {isa = PBXBuildFile; fileRef = 6C4CD5561DA20324005C979A /* LaunchScreen.storyboard */; };
		6C4CD5631DA20324005C979A /* LETSPARTYTests.swift in Sources */ = {isa = PBXBuildFile; fileRef = 6C4CD5621DA20324005C979A /* LETSPARTYTests.swift */; };
		6C4CD56E1DA20324005C979A /* LETSPARTYUITests.swift in Sources */ = {isa = PBXBuildFile; fileRef = 6C4CD56D1DA20324005C979A /* LETSPARTYUITests.swift */; };
		6C6519E51DB483C700711395 /* PartyInfoController.swift in Sources */ = {isa = PBXBuildFile; fileRef = 6C6519E41DB483C700711395 /* PartyInfoController.swift */; };
		6C76D5B51DB9DEFD00A52189 /* CommentNetwork.swift in Sources */ = {isa = PBXBuildFile; fileRef = 6C76D5B41DB9DEFD00A52189 /* CommentNetwork.swift */; };
		6C8033C31DC534390021F046 /* Comment.swift in Sources */ = {isa = PBXBuildFile; fileRef = 6C8033C21DC534390021F046 /* Comment.swift */; };
		6C85FD201DB1BC7F00708FC2 /* ThrowPartyViewController.swift in Sources */ = {isa = PBXBuildFile; fileRef = 6C85FD1F1DB1BC7F00708FC2 /* ThrowPartyViewController.swift */; };
		6C85FD221DB1BFFA00708FC2 /* UploadImage.swift in Sources */ = {isa = PBXBuildFile; fileRef = 6C85FD211DB1BFFA00708FC2 /* UploadImage.swift */; };
		6C9AC2CC1DB09E13004DAA77 /* partyCellTableViewCell.swift in Sources */ = {isa = PBXBuildFile; fileRef = 6C9AC2CB1DB09E13004DAA77 /* partyCellTableViewCell.swift */; };
		6CA34A7D1DC54BC200CEF907 /* commentCellTableViewCell.swift in Sources */ = {isa = PBXBuildFile; fileRef = 6CA34A7C1DC54BC200CEF907 /* commentCellTableViewCell.swift */; };
		6CC4533F1DC46209009C8EC8 /* TabBarController.swift in Sources */ = {isa = PBXBuildFile; fileRef = 6CC4533E1DC46209009C8EC8 /* TabBarController.swift */; };
		6CC453411DC47405009C8EC8 /* PersonViewController.swift in Sources */ = {isa = PBXBuildFile; fileRef = 6CC453401DC47405009C8EC8 /* PersonViewController.swift */; };
		6CE58EF61DA9F81000303594 /* NetworkClass.swift in Sources */ = {isa = PBXBuildFile; fileRef = 6C4CD57C1DA2055E005C979A /* NetworkClass.swift */; };
		6CE58EF71DA9F81500303594 /* Party.swift in Sources */ = {isa = PBXBuildFile; fileRef = 6CE58EF31DA9F1A400303594 /* Party.swift */; };
		6CE58EF81DA9F81B00303594 /* ViewController.swift in Sources */ = {isa = PBXBuildFile; fileRef = 6C4CD54C1DA20324005C979A /* ViewController.swift */; };
		A6967B19CDDE961610DAC397 /* Pods_LETSPARTYTests.framework in Frameworks */ = {isa = PBXBuildFile; fileRef = FB941E472E25B989AB3E36F3 /* Pods_LETSPARTYTests.framework */; };
/* End PBXBuildFile section */

/* Begin PBXContainerItemProxy section */
		6C4CD55F1DA20324005C979A /* PBXContainerItemProxy */ = {
			isa = PBXContainerItemProxy;
			containerPortal = 6C4CD53F1DA20324005C979A /* Project object */;
			proxyType = 1;
			remoteGlobalIDString = 6C4CD5461DA20324005C979A;
			remoteInfo = LETSPARTY;
		};
		6C4CD56A1DA20324005C979A /* PBXContainerItemProxy */ = {
			isa = PBXContainerItemProxy;
			containerPortal = 6C4CD53F1DA20324005C979A /* Project object */;
			proxyType = 1;
			remoteGlobalIDString = 6C4CD5461DA20324005C979A;
			remoteInfo = LETSPARTY;
		};
/* End PBXContainerItemProxy section */

/* Begin PBXFileReference section */
		5A48687A1DEF52AC00CCE08E /* LoginController.swift */ = {isa = PBXFileReference; fileEncoding = 4; lastKnownFileType = sourcecode.swift; path = LoginController.swift; sourceTree = "<group>"; };
		5A48687C1DEF53A400CCE08E /* GoogleService-Info.plist */ = {isa = PBXFileReference; fileEncoding = 4; lastKnownFileType = text.plist.xml; path = "GoogleService-Info.plist"; sourceTree = "<group>"; };
		5A4B81E51DF4740C003A0CD2 /* User.swift */ = {isa = PBXFileReference; fileEncoding = 4; lastKnownFileType = sourcecode.swift; path = User.swift; sourceTree = "<group>"; };
		5A4B81E71DF48039003A0CD2 /* NewMessageController.swift */ = {isa = PBXFileReference; fileEncoding = 4; lastKnownFileType = sourcecode.swift; path = NewMessageController.swift; sourceTree = "<group>"; };
		5A4B81EA1DF48137003A0CD2 /* UserCell.swift */ = {isa = PBXFileReference; fileEncoding = 4; lastKnownFileType = sourcecode.swift; path = UserCell.swift; sourceTree = "<group>"; };
		5A4B81EC1DF48168003A0CD2 /* Message.swift */ = {isa = PBXFileReference; fileEncoding = 4; lastKnownFileType = sourcecode.swift; path = Message.swift; sourceTree = "<group>"; };
		5A4B81F91DF520CC003A0CD2 /* MessagesController.swift */ = {isa = PBXFileReference; fileEncoding = 4; lastKnownFileType = sourcecode.swift; path = MessagesController.swift; sourceTree = "<group>"; };
		5A4B81FB1DF5215C003A0CD2 /* LoginController+handler.swift */ = {isa = PBXFileReference; fileEncoding = 4; lastKnownFileType = sourcecode.swift; path = "LoginController+handler.swift"; sourceTree = "<group>"; };
		5A4B81FD1DF5219D003A0CD2 /* ChatLogController.swift */ = {isa = PBXFileReference; fileEncoding = 4; lastKnownFileType = sourcecode.swift; path = ChatLogController.swift; sourceTree = "<group>"; };
		5A4B81FF1DF521D3003A0CD2 /* ChatMessageCell.swift */ = {isa = PBXFileReference; fileEncoding = 4; lastKnownFileType = sourcecode.swift; path = ChatMessageCell.swift; sourceTree = "<group>"; };
		5A4B82011DF52225003A0CD2 /* ChatInputContainerView.swift */ = {isa = PBXFileReference; fileEncoding = 4; lastKnownFileType = sourcecode.swift; path = ChatInputContainerView.swift; sourceTree = "<group>"; };
		5A4B82041DF52244003A0CD2 /* Extensions.swift */ = {isa = PBXFileReference; fileEncoding = 4; lastKnownFileType = sourcecode.swift; path = Extensions.swift; sourceTree = "<group>"; };
		5A97387D1DEF55E300A1A176 /* loginBackground.png */ = {isa = PBXFileReference; lastKnownFileType = image.png; path = loginBackground.png; sourceTree = "<group>"; };
		5A97387F1DEF55EE00A1A176 /* Banner.png */ = {isa = PBXFileReference; lastKnownFileType = image.png; path = Banner.png; sourceTree = "<group>"; };
		5A9826171DF6010B00BD4790 /* new_message_icon@3x.png */ = {isa = PBXFileReference; lastKnownFileType = image.png; path = "new_message_icon@3x.png"; sourceTree = "<group>"; };
		5A9826191DF6043E00BD4790 /* throw-party-background.png */ = {isa = PBXFileReference; lastKnownFileType = image.png; path = "throw-party-background.png"; sourceTree = "<group>"; };
		5A98261B1DF6082100BD4790 /* upload_image_icon@2x.png */ = {isa = PBXFileReference; lastKnownFileType = image.png; path = "upload_image_icon@2x.png"; sourceTree = "<group>"; };
		5A98261D1DF647B600BD4790 /* LETSPARTY.entitlements */ = {isa = PBXFileReference; lastKnownFileType = text.plist.entitlements; path = LETSPARTY.entitlements; sourceTree = "<group>"; };
		5A98261E1DF656FE00BD4790 /* partyLogo5.png */ = {isa = PBXFileReference; lastKnownFileType = image.png; path = partyLogo5.png; sourceTree = "<group>"; };
		5A9826201DF658BB00BD4790 /* id-card.png */ = {isa = PBXFileReference; lastKnownFileType = image.png; path = "id-card.png"; sourceTree = "<group>"; };
		5A9826221DF6595300BD4790 /* earth-usa.png */ = {isa = PBXFileReference; lastKnownFileType = image.png; path = "earth-usa.png"; sourceTree = "<group>"; };
		5A9826241DF8638B00BD4790 /* InfoController.swift */ = {isa = PBXFileReference; fileEncoding = 4; lastKnownFileType = sourcecode.swift; path = InfoController.swift; sourceTree = "<group>"; };
		6C4CD5471DA20324005C979A /* LETSPARTY.app */ = {isa = PBXFileReference; explicitFileType = wrapper.application; includeInIndex = 0; path = LETSPARTY.app; sourceTree = BUILT_PRODUCTS_DIR; };
		6C4CD54A1DA20324005C979A /* AppDelegate.swift */ = {isa = PBXFileReference; lastKnownFileType = sourcecode.swift; path = AppDelegate.swift; sourceTree = "<group>"; };
		6C4CD54C1DA20324005C979A /* ViewController.swift */ = {isa = PBXFileReference; lastKnownFileType = sourcecode.swift; path = ViewController.swift; sourceTree = "<group>"; };
		6C4CD54F1DA20324005C979A /* Base */ = {isa = PBXFileReference; lastKnownFileType = file.storyboard; name = Base; path = Base.lproj/Main.storyboard; sourceTree = "<group>"; };
		6C4CD5521DA20324005C979A /* LETSPARTY.xcdatamodel */ = {isa = PBXFileReference; lastKnownFileType = wrapper.xcdatamodel; path = LETSPARTY.xcdatamodel; sourceTree = "<group>"; };
		6C4CD5541DA20324005C979A /* Assets.xcassets */ = {isa = PBXFileReference; lastKnownFileType = folder.assetcatalog; path = Assets.xcassets; sourceTree = "<group>"; };
		6C4CD5571DA20324005C979A /* Base */ = {isa = PBXFileReference; lastKnownFileType = file.storyboard; name = Base; path = Base.lproj/LaunchScreen.storyboard; sourceTree = "<group>"; };
		6C4CD5591DA20324005C979A /* Info.plist */ = {isa = PBXFileReference; lastKnownFileType = text.plist.xml; path = Info.plist; sourceTree = "<group>"; };
		6C4CD55E1DA20324005C979A /* LETSPARTYTests.xctest */ = {isa = PBXFileReference; explicitFileType = wrapper.cfbundle; includeInIndex = 0; path = LETSPARTYTests.xctest; sourceTree = BUILT_PRODUCTS_DIR; };
		6C4CD5621DA20324005C979A /* LETSPARTYTests.swift */ = {isa = PBXFileReference; lastKnownFileType = sourcecode.swift; path = LETSPARTYTests.swift; sourceTree = "<group>"; };
		6C4CD5641DA20324005C979A /* Info.plist */ = {isa = PBXFileReference; lastKnownFileType = text.plist.xml; path = Info.plist; sourceTree = "<group>"; };
		6C4CD5691DA20324005C979A /* LETSPARTYUITests.xctest */ = {isa = PBXFileReference; explicitFileType = wrapper.cfbundle; includeInIndex = 0; path = LETSPARTYUITests.xctest; sourceTree = BUILT_PRODUCTS_DIR; };
		6C4CD56D1DA20324005C979A /* LETSPARTYUITests.swift */ = {isa = PBXFileReference; lastKnownFileType = sourcecode.swift; path = LETSPARTYUITests.swift; sourceTree = "<group>"; };
		6C4CD56F1DA20324005C979A /* Info.plist */ = {isa = PBXFileReference; lastKnownFileType = text.plist.xml; path = Info.plist; sourceTree = "<group>"; };
		6C4CD57C1DA2055E005C979A /* NetworkClass.swift */ = {isa = PBXFileReference; fileEncoding = 4; lastKnownFileType = sourcecode.swift; path = NetworkClass.swift; sourceTree = "<group>"; };
		6C6519E41DB483C700711395 /* PartyInfoController.swift */ = {isa = PBXFileReference; fileEncoding = 4; lastKnownFileType = sourcecode.swift; path = PartyInfoController.swift; sourceTree = "<group>"; };
		6C76D5B41DB9DEFD00A52189 /* CommentNetwork.swift */ = {isa = PBXFileReference; fileEncoding = 4; lastKnownFileType = sourcecode.swift; path = CommentNetwork.swift; sourceTree = "<group>"; };
		6C8033C21DC534390021F046 /* Comment.swift */ = {isa = PBXFileReference; fileEncoding = 4; lastKnownFileType = sourcecode.swift; path = Comment.swift; sourceTree = "<group>"; };
		6C85FD1F1DB1BC7F00708FC2 /* ThrowPartyViewController.swift */ = {isa = PBXFileReference; fileEncoding = 4; lastKnownFileType = sourcecode.swift; path = ThrowPartyViewController.swift; sourceTree = "<group>"; };
		6C85FD211DB1BFFA00708FC2 /* UploadImage.swift */ = {isa = PBXFileReference; fileEncoding = 4; lastKnownFileType = sourcecode.swift; path = UploadImage.swift; sourceTree = "<group>"; };
		6C9AC2CB1DB09E13004DAA77 /* partyCellTableViewCell.swift */ = {isa = PBXFileReference; fileEncoding = 4; lastKnownFileType = sourcecode.swift; path = partyCellTableViewCell.swift; sourceTree = "<group>"; };
		6CA34A7C1DC54BC200CEF907 /* commentCellTableViewCell.swift */ = {isa = PBXFileReference; fileEncoding = 4; lastKnownFileType = sourcecode.swift; path = commentCellTableViewCell.swift; sourceTree = "<group>"; };
		6CC4533E1DC46209009C8EC8 /* TabBarController.swift */ = {isa = PBXFileReference; fileEncoding = 4; lastKnownFileType = sourcecode.swift; path = TabBarController.swift; sourceTree = "<group>"; };
		6CC453401DC47405009C8EC8 /* PersonViewController.swift */ = {isa = PBXFileReference; fileEncoding = 4; lastKnownFileType = sourcecode.swift; path = PersonViewController.swift; sourceTree = "<group>"; };
		6CE58EF31DA9F1A400303594 /* Party.swift */ = {isa = PBXFileReference; fileEncoding = 4; lastKnownFileType = sourcecode.swift; path = Party.swift; sourceTree = "<group>"; };
		938124258DAE9F9CAFEC306F /* Pods_LETSPARTY.framework */ = {isa = PBXFileReference; explicitFileType = wrapper.framework; includeInIndex = 0; path = Pods_LETSPARTY.framework; sourceTree = BUILT_PRODUCTS_DIR; };
		94456F36DA943B44273599C7 /* Pods-LETSPARTYUITests.debug.xcconfig */ = {isa = PBXFileReference; includeInIndex = 1; lastKnownFileType = text.xcconfig; name = "Pods-LETSPARTYUITests.debug.xcconfig"; path = "Pods/Target Support Files/Pods-LETSPARTYUITests/Pods-LETSPARTYUITests.debug.xcconfig"; sourceTree = "<group>"; };
		AE286D153261B1BD21F89E99 /* Pods-LETSPARTY.release.xcconfig */ = {isa = PBXFileReference; includeInIndex = 1; lastKnownFileType = text.xcconfig; name = "Pods-LETSPARTY.release.xcconfig"; path = "Pods/Target Support Files/Pods-LETSPARTY/Pods-LETSPARTY.release.xcconfig"; sourceTree = "<group>"; };
		B3138D82D0E3BC078B318191 /* Pods-LETSPARTYUITests.release.xcconfig */ = {isa = PBXFileReference; includeInIndex = 1; lastKnownFileType = text.xcconfig; name = "Pods-LETSPARTYUITests.release.xcconfig"; path = "Pods/Target Support Files/Pods-LETSPARTYUITests/Pods-LETSPARTYUITests.release.xcconfig"; sourceTree = "<group>"; };
		B893780528B91360E070F86E /* Pods-LETSPARTY.debug.xcconfig */ = {isa = PBXFileReference; includeInIndex = 1; lastKnownFileType = text.xcconfig; name = "Pods-LETSPARTY.debug.xcconfig"; path = "Pods/Target Support Files/Pods-LETSPARTY/Pods-LETSPARTY.debug.xcconfig"; sourceTree = "<group>"; };
		F0FBF2BB6221936226AD24B1 /* Pods-LETSPARTYTests.debug.xcconfig */ = {isa = PBXFileReference; includeInIndex = 1; lastKnownFileType = text.xcconfig; name = "Pods-LETSPARTYTests.debug.xcconfig"; path = "Pods/Target Support Files/Pods-LETSPARTYTests/Pods-LETSPARTYTests.debug.xcconfig"; sourceTree = "<group>"; };
		F8A108D4C99F5A8697772BF5 /* Pods-LETSPARTYTests.release.xcconfig */ = {isa = PBXFileReference; includeInIndex = 1; lastKnownFileType = text.xcconfig; name = "Pods-LETSPARTYTests.release.xcconfig"; path = "Pods/Target Support Files/Pods-LETSPARTYTests/Pods-LETSPARTYTests.release.xcconfig"; sourceTree = "<group>"; };
		FA95757174AAB377E644C058 /* Pods_LETSPARTYUITests.framework */ = {isa = PBXFileReference; explicitFileType = wrapper.framework; includeInIndex = 0; path = Pods_LETSPARTYUITests.framework; sourceTree = BUILT_PRODUCTS_DIR; };
		FB941E472E25B989AB3E36F3 /* Pods_LETSPARTYTests.framework */ = {isa = PBXFileReference; explicitFileType = wrapper.framework; includeInIndex = 0; path = Pods_LETSPARTYTests.framework; sourceTree = BUILT_PRODUCTS_DIR; };
/* End PBXFileReference section */

/* Begin PBXFrameworksBuildPhase section */
		6C4CD5441DA20324005C979A /* Frameworks */ = {
			isa = PBXFrameworksBuildPhase;
			buildActionMask = 2147483647;
			files = (
				4FFF1395511E84DC611EB7E9 /* Pods_LETSPARTY.framework in Frameworks */,
			);
			runOnlyForDeploymentPostprocessing = 0;
		};
		6C4CD55B1DA20324005C979A /* Frameworks */ = {
			isa = PBXFrameworksBuildPhase;
			buildActionMask = 2147483647;
			files = (
				A6967B19CDDE961610DAC397 /* Pods_LETSPARTYTests.framework in Frameworks */,
			);
			runOnlyForDeploymentPostprocessing = 0;
		};
		6C4CD5661DA20324005C979A /* Frameworks */ = {
			isa = PBXFrameworksBuildPhase;
			buildActionMask = 2147483647;
			files = (
				31857239510A4C7D18157BD9 /* Pods_LETSPARTYUITests.framework in Frameworks */,
			);
			runOnlyForDeploymentPostprocessing = 0;
		};
/* End PBXFrameworksBuildPhase section */

/* Begin PBXGroup section */
		5A4868791DEF529200CCE08E /* Controllers */ = {
			isa = PBXGroup;
			children = (
				5A48687A1DEF52AC00CCE08E /* LoginController.swift */,
				5A4B81FB1DF5215C003A0CD2 /* LoginController+handler.swift */,
				5A4B81F91DF520CC003A0CD2 /* MessagesController.swift */,
				5A4B81E71DF48039003A0CD2 /* NewMessageController.swift */,
				5A4B81FD1DF5219D003A0CD2 /* ChatLogController.swift */,
				6C4CD54C1DA20324005C979A /* ViewController.swift */,
				6C6519E41DB483C700711395 /* PartyInfoController.swift */,
				6CC453401DC47405009C8EC8 /* PersonViewController.swift */,
				5A9826241DF8638B00BD4790 /* InfoController.swift */,
				6CC4533E1DC46209009C8EC8 /* TabBarController.swift */,
				6C85FD1F1DB1BC7F00708FC2 /* ThrowPartyViewController.swift */,
			);
			name = Controllers;
			sourceTree = "<group>";
		};
		5A4B81E41DF473FC003A0CD2 /* Model */ = {
			isa = PBXGroup;
			children = (
				5A4B81E51DF4740C003A0CD2 /* User.swift */,
				5A4B81EC1DF48168003A0CD2 /* Message.swift */,
			);
			name = Model;
			sourceTree = "<group>";
		};
		5A4B81E91DF48123003A0CD2 /* View */ = {
			isa = PBXGroup;
			children = (
				5A4B81EA1DF48137003A0CD2 /* UserCell.swift */,
				5A4B82011DF52225003A0CD2 /* ChatInputContainerView.swift */,
				5A4B81FF1DF521D3003A0CD2 /* ChatMessageCell.swift */,
			);
			name = View;
			sourceTree = "<group>";
		};
		5A4B82031DF52235003A0CD2 /* Helper */ = {
			isa = PBXGroup;
			children = (
				5A4B82041DF52244003A0CD2 /* Extensions.swift */,
			);
			name = Helper;
			sourceTree = "<group>";
		};
		6C4CD53E1DA20324005C979A = {
			isa = PBXGroup;
			children = (
				5A4B82031DF52235003A0CD2 /* Helper */,
				5A4B81E91DF48123003A0CD2 /* View */,
				5A4B81E41DF473FC003A0CD2 /* Model */,
				6C4CD5491DA20324005C979A /* LETSPARTY */,
				6C4CD5611DA20324005C979A /* LETSPARTYTests */,
				6C4CD56C1DA20324005C979A /* LETSPARTYUITests */,
				6C4CD5481DA20324005C979A /* Products */,
				75629962CC6C624113442331 /* Pods */,
				CB323B982C69D81A75900666 /* Frameworks */,
			);
			sourceTree = "<group>";
		};
		6C4CD5481DA20324005C979A /* Products */ = {
			isa = PBXGroup;
			children = (
				6C4CD5471DA20324005C979A /* LETSPARTY.app */,
				6C4CD55E1DA20324005C979A /* LETSPARTYTests.xctest */,
				6C4CD5691DA20324005C979A /* LETSPARTYUITests.xctest */,
			);
			name = Products;
			sourceTree = "<group>";
		};
		6C4CD5491DA20324005C979A /* LETSPARTY */ = {
			isa = PBXGroup;
			children = (
				5A98261D1DF647B600BD4790 /* LETSPARTY.entitlements */,
				5A4868791DEF529200CCE08E /* Controllers */,
				6C8033C11DC534180021F046 /* Comment */,
				6CE58EF51DA9F39500303594 /* Party */,
				6C4CD57B1DA2050C005C979A /* Networking */,
				6C4CD54A1DA20324005C979A /* AppDelegate.swift */,
				6C4CD54E1DA20324005C979A /* Main.storyboard */,
				6C4CD5541DA20324005C979A /* Assets.xcassets */,
				5A9826201DF658BB00BD4790 /* id-card.png */,
				5A98261B1DF6082100BD4790 /* upload_image_icon@2x.png */,
				5A9826171DF6010B00BD4790 /* new_message_icon@3x.png */,
				5A9826191DF6043E00BD4790 /* throw-party-background.png */,
				5A9826221DF6595300BD4790 /* earth-usa.png */,
				5A97387F1DEF55EE00A1A176 /* Banner.png */,
				5A98261E1DF656FE00BD4790 /* partyLogo5.png */,
				5A97387D1DEF55E300A1A176 /* loginBackground.png */,
				6C4CD5561DA20324005C979A /* LaunchScreen.storyboard */,
				6C4CD5591DA20324005C979A /* Info.plist */,
				6C4CD5511DA20324005C979A /* LETSPARTY.xcdatamodeld */,
				5A48687C1DEF53A400CCE08E /* GoogleService-Info.plist */,
			);
			path = LETSPARTY;
			sourceTree = "<group>";
		};
		6C4CD5611DA20324005C979A /* LETSPARTYTests */ = {
			isa = PBXGroup;
			children = (
				6C4CD5621DA20324005C979A /* LETSPARTYTests.swift */,
				6C4CD5641DA20324005C979A /* Info.plist */,
			);
			path = LETSPARTYTests;
			sourceTree = "<group>";
		};
		6C4CD56C1DA20324005C979A /* LETSPARTYUITests */ = {
			isa = PBXGroup;
			children = (
				6C4CD56D1DA20324005C979A /* LETSPARTYUITests.swift */,
				6C4CD56F1DA20324005C979A /* Info.plist */,
			);
			path = LETSPARTYUITests;
			sourceTree = "<group>";
		};
		6C4CD57B1DA2050C005C979A /* Networking */ = {
			isa = PBXGroup;
			children = (
				6C4CD57C1DA2055E005C979A /* NetworkClass.swift */,
				6C85FD211DB1BFFA00708FC2 /* UploadImage.swift */,
				6C76D5B41DB9DEFD00A52189 /* CommentNetwork.swift */,
			);
			name = Networking;
			sourceTree = "<group>";
		};
		6C8033C11DC534180021F046 /* Comment */ = {
			isa = PBXGroup;
			children = (
				6C8033C21DC534390021F046 /* Comment.swift */,
				6CA34A7C1DC54BC200CEF907 /* commentCellTableViewCell.swift */,
			);
			name = Comment;
			sourceTree = "<group>";
		};
		6CE58EF51DA9F39500303594 /* Party */ = {
			isa = PBXGroup;
			children = (
				6CE58EF31DA9F1A400303594 /* Party.swift */,
				6C9AC2CB1DB09E13004DAA77 /* partyCellTableViewCell.swift */,
			);
			name = Party;
			sourceTree = "<group>";
		};
		75629962CC6C624113442331 /* Pods */ = {
			isa = PBXGroup;
			children = (
				B893780528B91360E070F86E /* Pods-LETSPARTY.debug.xcconfig */,
				AE286D153261B1BD21F89E99 /* Pods-LETSPARTY.release.xcconfig */,
				F0FBF2BB6221936226AD24B1 /* Pods-LETSPARTYTests.debug.xcconfig */,
				F8A108D4C99F5A8697772BF5 /* Pods-LETSPARTYTests.release.xcconfig */,
				94456F36DA943B44273599C7 /* Pods-LETSPARTYUITests.debug.xcconfig */,
				B3138D82D0E3BC078B318191 /* Pods-LETSPARTYUITests.release.xcconfig */,
			);
			name = Pods;
			sourceTree = "<group>";
		};
		CB323B982C69D81A75900666 /* Frameworks */ = {
			isa = PBXGroup;
			children = (
				938124258DAE9F9CAFEC306F /* Pods_LETSPARTY.framework */,
				FB941E472E25B989AB3E36F3 /* Pods_LETSPARTYTests.framework */,
				FA95757174AAB377E644C058 /* Pods_LETSPARTYUITests.framework */,
			);
			name = Frameworks;
			sourceTree = "<group>";
		};
/* End PBXGroup section */

/* Begin PBXNativeTarget section */
		6C4CD5461DA20324005C979A /* LETSPARTY */ = {
			isa = PBXNativeTarget;
			buildConfigurationList = 6C4CD5721DA20324005C979A /* Build configuration list for PBXNativeTarget "LETSPARTY" */;
			buildPhases = (
				AB045F55C0D0DC7B7156391D /* [CP] Check Pods Manifest.lock */,
				6C4CD5431DA20324005C979A /* Sources */,
				6C4CD5441DA20324005C979A /* Frameworks */,
				6C4CD5451DA20324005C979A /* Resources */,
				3F1939D4E8AB98EC9782CDF1 /* [CP] Embed Pods Frameworks */,
				48AC1A6DF58D36DB0897AEE1 /* [CP] Copy Pods Resources */,
			);
			buildRules = (
			);
			dependencies = (
			);
			name = LETSPARTY;
			productName = LETSPARTY;
			productReference = 6C4CD5471DA20324005C979A /* LETSPARTY.app */;
			productType = "com.apple.product-type.application";
		};
		6C4CD55D1DA20324005C979A /* LETSPARTYTests */ = {
			isa = PBXNativeTarget;
			buildConfigurationList = 6C4CD5751DA20324005C979A /* Build configuration list for PBXNativeTarget "LETSPARTYTests" */;
			buildPhases = (
				3E7A5E80E6052D2F231C50A8 /* [CP] Check Pods Manifest.lock */,
				6C4CD55A1DA20324005C979A /* Sources */,
				6C4CD55B1DA20324005C979A /* Frameworks */,
				6C4CD55C1DA20324005C979A /* Resources */,
				7C3D0C362F72CB954C3E73F5 /* [CP] Embed Pods Frameworks */,
				5666E26EE431E4D996041E89 /* [CP] Copy Pods Resources */,
			);
			buildRules = (
			);
			dependencies = (
				6C4CD5601DA20324005C979A /* PBXTargetDependency */,
			);
			name = LETSPARTYTests;
			productName = LETSPARTYTests;
			productReference = 6C4CD55E1DA20324005C979A /* LETSPARTYTests.xctest */;
			productType = "com.apple.product-type.bundle.unit-test";
		};
		6C4CD5681DA20324005C979A /* LETSPARTYUITests */ = {
			isa = PBXNativeTarget;
			buildConfigurationList = 6C4CD5781DA20324005C979A /* Build configuration list for PBXNativeTarget "LETSPARTYUITests" */;
			buildPhases = (
				0AF92CAE0BB8E953C1E71740 /* [CP] Check Pods Manifest.lock */,
				6C4CD5651DA20324005C979A /* Sources */,
				6C4CD5661DA20324005C979A /* Frameworks */,
				6C4CD5671DA20324005C979A /* Resources */,
				2FA3DA24782A3CFBD2FD89A4 /* [CP] Copy Pods Resources */,
			);
			buildRules = (
			);
			dependencies = (
				6C4CD56B1DA20324005C979A /* PBXTargetDependency */,
			);
			name = LETSPARTYUITests;
			productName = LETSPARTYUITests;
			productReference = 6C4CD5691DA20324005C979A /* LETSPARTYUITests.xctest */;
			productType = "com.apple.product-type.bundle.ui-testing";
		};
/* End PBXNativeTarget section */

/* Begin PBXProject section */
		6C4CD53F1DA20324005C979A /* Project object */ = {
			isa = PBXProject;
			attributes = {
				LastSwiftUpdateCheck = 0720;
				LastUpgradeCheck = 0720;
				ORGANIZATIONNAME = "LinLin Ding";
				TargetAttributes = {
					6C4CD5461DA20324005C979A = {
						CreatedOnToolsVersion = 7.2.1;
						DevelopmentTeam = BWRT3HG4C4;
						LastSwiftMigration = 0800;
						SystemCapabilities = {
							com.apple.Keychain = {
								enabled = 1;
							};
						};
					};
					6C4CD55D1DA20324005C979A = {
						CreatedOnToolsVersion = 7.2.1;
						LastSwiftMigration = 0800;
						TestTargetID = 6C4CD5461DA20324005C979A;
					};
					6C4CD5681DA20324005C979A = {
						CreatedOnToolsVersion = 7.2.1;
						LastSwiftMigration = 0800;
						TestTargetID = 6C4CD5461DA20324005C979A;
					};
				};
			};
			buildConfigurationList = 6C4CD5421DA20324005C979A /* Build configuration list for PBXProject "LETSPARTY" */;
			compatibilityVersion = "Xcode 3.2";
			developmentRegion = English;
			hasScannedForEncodings = 0;
			knownRegions = (
				en,
				Base,
			);
			mainGroup = 6C4CD53E1DA20324005C979A;
			productRefGroup = 6C4CD5481DA20324005C979A /* Products */;
			projectDirPath = "";
			projectRoot = "";
			targets = (
				6C4CD5461DA20324005C979A /* LETSPARTY */,
				6C4CD55D1DA20324005C979A /* LETSPARTYTests */,
				6C4CD5681DA20324005C979A /* LETSPARTYUITests */,
			);
		};
/* End PBXProject section */

/* Begin PBXResourcesBuildPhase section */
		6C4CD5451DA20324005C979A /* Resources */ = {
			isa = PBXResourcesBuildPhase;
			buildActionMask = 2147483647;
			files = (
				5A9826181DF6010C00BD4790 /* new_message_icon@3x.png in Resources */,
				6C4CD5581DA20324005C979A /* LaunchScreen.storyboard in Resources */,
				5A97387E1DEF55E300A1A176 /* loginBackground.png in Resources */,
				5A98261C1DF6082100BD4790 /* upload_image_icon@2x.png in Resources */,
				5A98261A1DF6043E00BD4790 /* throw-party-background.png in Resources */,
				6C4CD5551DA20324005C979A /* Assets.xcassets in Resources */,
				5A9826231DF6595300BD4790 /* earth-usa.png in Resources */,
				5A9738801DEF55EE00A1A176 /* Banner.png in Resources */,
				5A48687D1DEF53A400CCE08E /* GoogleService-Info.plist in Resources */,
				5A9826211DF658BB00BD4790 /* id-card.png in Resources */,
				5A98261F1DF656FE00BD4790 /* partyLogo5.png in Resources */,
				6C4CD5501DA20324005C979A /* Main.storyboard in Resources */,
			);
			runOnlyForDeploymentPostprocessing = 0;
		};
		6C4CD55C1DA20324005C979A /* Resources */ = {
			isa = PBXResourcesBuildPhase;
			buildActionMask = 2147483647;
			files = (
			);
			runOnlyForDeploymentPostprocessing = 0;
		};
		6C4CD5671DA20324005C979A /* Resources */ = {
			isa = PBXResourcesBuildPhase;
			buildActionMask = 2147483647;
			files = (
			);
			runOnlyForDeploymentPostprocessing = 0;
		};
/* End PBXResourcesBuildPhase section */

/* Begin PBXShellScriptBuildPhase section */
		0AF92CAE0BB8E953C1E71740 /* [CP] Check Pods Manifest.lock */ = {
			isa = PBXShellScriptBuildPhase;
			buildActionMask = 2147483647;
			files = (
			);
			inputPaths = (
			);
			name = "[CP] Check Pods Manifest.lock";
			outputPaths = (
			);
			runOnlyForDeploymentPostprocessing = 0;
			shellPath = /bin/sh;
			shellScript = "diff \"${PODS_ROOT}/../Podfile.lock\" \"${PODS_ROOT}/Manifest.lock\" > /dev/null\nif [[ $? != 0 ]] ; then\n    cat << EOM\nerror: The sandbox is not in sync with the Podfile.lock. Run 'pod install' or update your CocoaPods installation.\nEOM\n    exit 1\nfi\n";
			showEnvVarsInLog = 0;
		};
		2FA3DA24782A3CFBD2FD89A4 /* [CP] Copy Pods Resources */ = {
			isa = PBXShellScriptBuildPhase;
			buildActionMask = 2147483647;
			files = (
			);
			inputPaths = (
			);
			name = "[CP] Copy Pods Resources";
			outputPaths = (
			);
			runOnlyForDeploymentPostprocessing = 0;
			shellPath = /bin/sh;
			shellScript = "\"${SRCROOT}/Pods/Target Support Files/Pods-LETSPARTYUITests/Pods-LETSPARTYUITests-resources.sh\"\n";
			showEnvVarsInLog = 0;
		};
		3E7A5E80E6052D2F231C50A8 /* [CP] Check Pods Manifest.lock */ = {
			isa = PBXShellScriptBuildPhase;
			buildActionMask = 2147483647;
			files = (
			);
			inputPaths = (
			);
			name = "[CP] Check Pods Manifest.lock";
			outputPaths = (
			);
			runOnlyForDeploymentPostprocessing = 0;
			shellPath = /bin/sh;
			shellScript = "diff \"${PODS_ROOT}/../Podfile.lock\" \"${PODS_ROOT}/Manifest.lock\" > /dev/null\nif [[ $? != 0 ]] ; then\n    cat << EOM\nerror: The sandbox is not in sync with the Podfile.lock. Run 'pod install' or update your CocoaPods installation.\nEOM\n    exit 1\nfi\n";
			showEnvVarsInLog = 0;
		};
		3F1939D4E8AB98EC9782CDF1 /* [CP] Embed Pods Frameworks */ = {
			isa = PBXShellScriptBuildPhase;
			buildActionMask = 2147483647;
			files = (
			);
			inputPaths = (
			);
			name = "[CP] Embed Pods Frameworks";
			outputPaths = (
			);
			runOnlyForDeploymentPostprocessing = 0;
			shellPath = /bin/sh;
			shellScript = "\"${SRCROOT}/Pods/Target Support Files/Pods-LETSPARTY/Pods-LETSPARTY-frameworks.sh\"\n";
			showEnvVarsInLog = 0;
		};
		48AC1A6DF58D36DB0897AEE1 /* [CP] Copy Pods Resources */ = {
			isa = PBXShellScriptBuildPhase;
			buildActionMask = 2147483647;
			files = (
			);
			inputPaths = (
			);
			name = "[CP] Copy Pods Resources";
			outputPaths = (
			);
			runOnlyForDeploymentPostprocessing = 0;
			shellPath = /bin/sh;
			shellScript = "\"${SRCROOT}/Pods/Target Support Files/Pods-LETSPARTY/Pods-LETSPARTY-resources.sh\"\n";
			showEnvVarsInLog = 0;
		};
		5666E26EE431E4D996041E89 /* [CP] Copy Pods Resources */ = {
			isa = PBXShellScriptBuildPhase;
			buildActionMask = 2147483647;
			files = (
			);
			inputPaths = (
			);
			name = "[CP] Copy Pods Resources";
			outputPaths = (
			);
			runOnlyForDeploymentPostprocessing = 0;
			shellPath = /bin/sh;
			shellScript = "\"${SRCROOT}/Pods/Target Support Files/Pods-LETSPARTYTests/Pods-LETSPARTYTests-resources.sh\"\n";
			showEnvVarsInLog = 0;
		};
		7C3D0C362F72CB954C3E73F5 /* [CP] Embed Pods Frameworks */ = {
			isa = PBXShellScriptBuildPhase;
			buildActionMask = 2147483647;
			files = (
			);
			inputPaths = (
			);
			name = "[CP] Embed Pods Frameworks";
			outputPaths = (
			);
			runOnlyForDeploymentPostprocessing = 0;
			shellPath = /bin/sh;
			shellScript = "\"${SRCROOT}/Pods/Target Support Files/Pods-LETSPARTYTests/Pods-LETSPARTYTests-frameworks.sh\"\n";
			showEnvVarsInLog = 0;
		};
		AB045F55C0D0DC7B7156391D /* [CP] Check Pods Manifest.lock */ = {
			isa = PBXShellScriptBuildPhase;
			buildActionMask = 2147483647;
			files = (
			);
			inputPaths = (
			);
			name = "[CP] Check Pods Manifest.lock";
			outputPaths = (
			);
			runOnlyForDeploymentPostprocessing = 0;
			shellPath = /bin/sh;
			shellScript = "diff \"${PODS_ROOT}/../Podfile.lock\" \"${PODS_ROOT}/Manifest.lock\" > /dev/null\nif [[ $? != 0 ]] ; then\n    cat << EOM\nerror: The sandbox is not in sync with the Podfile.lock. Run 'pod install' or update your CocoaPods installation.\nEOM\n    exit 1\nfi\n";
			showEnvVarsInLog = 0;
		};
/* End PBXShellScriptBuildPhase section */

/* Begin PBXSourcesBuildPhase section */
		6C4CD5431DA20324005C979A /* Sources */ = {
			isa = PBXSourcesBuildPhase;
			buildActionMask = 2147483647;
			files = (
				6CE58EF81DA9F81B00303594 /* ViewController.swift in Sources */,
				5A9826251DF8638B00BD4790 /* InfoController.swift in Sources */,
				6C4CD5531DA20324005C979A /* LETSPARTY.xcdatamodeld in Sources */,
				6CC4533F1DC46209009C8EC8 /* TabBarController.swift in Sources */,
				6C6519E51DB483C700711395 /* PartyInfoController.swift in Sources */,
				5A4B81E81DF48039003A0CD2 /* NewMessageController.swift in Sources */,
				5A4B81E61DF4740C003A0CD2 /* User.swift in Sources */,
				6C85FD201DB1BC7F00708FC2 /* ThrowPartyViewController.swift in Sources */,
				5A4B81FA1DF520CC003A0CD2 /* MessagesController.swift in Sources */,
				5A4B81ED1DF48168003A0CD2 /* Message.swift in Sources */,
				5A4B81FC1DF5215C003A0CD2 /* LoginController+handler.swift in Sources */,
				6C4CD54B1DA20324005C979A /* AppDelegate.swift in Sources */,
				5A48687B1DEF52AC00CCE08E /* LoginController.swift in Sources */,
				6C85FD221DB1BFFA00708FC2 /* UploadImage.swift in Sources */,
				5A4B82021DF52225003A0CD2 /* ChatInputContainerView.swift in Sources */,
				6CA34A7D1DC54BC200CEF907 /* commentCellTableViewCell.swift in Sources */,
				6CC453411DC47405009C8EC8 /* PersonViewController.swift in Sources */,
				6C8033C31DC534390021F046 /* Comment.swift in Sources */,
				5A4B81FE1DF5219D003A0CD2 /* ChatLogController.swift in Sources */,
				6C76D5B51DB9DEFD00A52189 /* CommentNetwork.swift in Sources */,
				5A4B82001DF521D3003A0CD2 /* ChatMessageCell.swift in Sources */,
				5A4B82051DF52244003A0CD2 /* Extensions.swift in Sources */,
				5A4B81EB1DF48137003A0CD2 /* UserCell.swift in Sources */,
				6CE58EF71DA9F81500303594 /* Party.swift in Sources */,
				6C9AC2CC1DB09E13004DAA77 /* partyCellTableViewCell.swift in Sources */,
				6CE58EF61DA9F81000303594 /* NetworkClass.swift in Sources */,
			);
			runOnlyForDeploymentPostprocessing = 0;
		};
		6C4CD55A1DA20324005C979A /* Sources */ = {
			isa = PBXSourcesBuildPhase;
			buildActionMask = 2147483647;
			files = (
				6C4CD5631DA20324005C979A /* LETSPARTYTests.swift in Sources */,
			);
			runOnlyForDeploymentPostprocessing = 0;
		};
		6C4CD5651DA20324005C979A /* Sources */ = {
			isa = PBXSourcesBuildPhase;
			buildActionMask = 2147483647;
			files = (
				6C4CD56E1DA20324005C979A /* LETSPARTYUITests.swift in Sources */,
			);
			runOnlyForDeploymentPostprocessing = 0;
		};
/* End PBXSourcesBuildPhase section */

/* Begin PBXTargetDependency section */
		6C4CD5601DA20324005C979A /* PBXTargetDependency */ = {
			isa = PBXTargetDependency;
			target = 6C4CD5461DA20324005C979A /* LETSPARTY */;
			targetProxy = 6C4CD55F1DA20324005C979A /* PBXContainerItemProxy */;
		};
		6C4CD56B1DA20324005C979A /* PBXTargetDependency */ = {
			isa = PBXTargetDependency;
			target = 6C4CD5461DA20324005C979A /* LETSPARTY */;
			targetProxy = 6C4CD56A1DA20324005C979A /* PBXContainerItemProxy */;
		};
/* End PBXTargetDependency section */

/* Begin PBXVariantGroup section */
		6C4CD54E1DA20324005C979A /* Main.storyboard */ = {
			isa = PBXVariantGroup;
			children = (
				6C4CD54F1DA20324005C979A /* Base */,
			);
			name = Main.storyboard;
			sourceTree = "<group>";
		};
		6C4CD5561DA20324005C979A /* LaunchScreen.storyboard */ = {
			isa = PBXVariantGroup;
			children = (
				6C4CD5571DA20324005C979A /* Base */,
			);
			name = LaunchScreen.storyboard;
			sourceTree = "<group>";
		};
/* End PBXVariantGroup section */

/* Begin XCBuildConfiguration section */
		6C4CD5701DA20324005C979A /* Debug */ = {
			isa = XCBuildConfiguration;
			buildSettings = {
				ALWAYS_SEARCH_USER_PATHS = NO;
				CLANG_CXX_LANGUAGE_STANDARD = "gnu++0x";
				CLANG_CXX_LIBRARY = "libc++";
				CLANG_ENABLE_MODULES = YES;
				CLANG_ENABLE_OBJC_ARC = YES;
				CLANG_WARN_BOOL_CONVERSION = YES;
				CLANG_WARN_CONSTANT_CONVERSION = YES;
				CLANG_WARN_DIRECT_OBJC_ISA_USAGE = YES_ERROR;
				CLANG_WARN_EMPTY_BODY = YES;
				CLANG_WARN_ENUM_CONVERSION = YES;
				CLANG_WARN_INT_CONVERSION = YES;
				CLANG_WARN_OBJC_ROOT_CLASS = YES_ERROR;
				CLANG_WARN_UNREACHABLE_CODE = YES;
				CLANG_WARN__DUPLICATE_METHOD_MATCH = YES;
				"CODE_SIGN_IDENTITY[sdk=iphoneos*]" = "iPhone Developer";
				COPY_PHASE_STRIP = NO;
				DEBUG_INFORMATION_FORMAT = dwarf;
				ENABLE_STRICT_OBJC_MSGSEND = YES;
				ENABLE_TESTABILITY = YES;
				GCC_C_LANGUAGE_STANDARD = gnu99;
				GCC_DYNAMIC_NO_PIC = NO;
				GCC_NO_COMMON_BLOCKS = YES;
				GCC_OPTIMIZATION_LEVEL = 0;
				GCC_PREPROCESSOR_DEFINITIONS = (
					"DEBUG=1",
					"$(inherited)",
				);
				GCC_WARN_64_TO_32_BIT_CONVERSION = YES;
				GCC_WARN_ABOUT_RETURN_TYPE = YES_ERROR;
				GCC_WARN_UNDECLARED_SELECTOR = YES;
				GCC_WARN_UNINITIALIZED_AUTOS = YES_AGGRESSIVE;
				GCC_WARN_UNUSED_FUNCTION = YES;
				GCC_WARN_UNUSED_VARIABLE = YES;
				IPHONEOS_DEPLOYMENT_TARGET = 9.2;
				MTL_ENABLE_DEBUG_INFO = YES;
				ONLY_ACTIVE_ARCH = YES;
				SDKROOT = iphoneos;
				SWIFT_OPTIMIZATION_LEVEL = "-Onone";
				TARGETED_DEVICE_FAMILY = "1,2";
			};
			name = Debug;
		};
		6C4CD5711DA20324005C979A /* Release */ = {
			isa = XCBuildConfiguration;
			buildSettings = {
				ALWAYS_SEARCH_USER_PATHS = NO;
				CLANG_CXX_LANGUAGE_STANDARD = "gnu++0x";
				CLANG_CXX_LIBRARY = "libc++";
				CLANG_ENABLE_MODULES = YES;
				CLANG_ENABLE_OBJC_ARC = YES;
				CLANG_WARN_BOOL_CONVERSION = YES;
				CLANG_WARN_CONSTANT_CONVERSION = YES;
				CLANG_WARN_DIRECT_OBJC_ISA_USAGE = YES_ERROR;
				CLANG_WARN_EMPTY_BODY = YES;
				CLANG_WARN_ENUM_CONVERSION = YES;
				CLANG_WARN_INT_CONVERSION = YES;
				CLANG_WARN_OBJC_ROOT_CLASS = YES_ERROR;
				CLANG_WARN_UNREACHABLE_CODE = YES;
				CLANG_WARN__DUPLICATE_METHOD_MATCH = YES;
				"CODE_SIGN_IDENTITY[sdk=iphoneos*]" = "iPhone Developer";
				COPY_PHASE_STRIP = NO;
				DEBUG_INFORMATION_FORMAT = "dwarf-with-dsym";
				ENABLE_NS_ASSERTIONS = NO;
				ENABLE_STRICT_OBJC_MSGSEND = YES;
				GCC_C_LANGUAGE_STANDARD = gnu99;
				GCC_NO_COMMON_BLOCKS = YES;
				GCC_WARN_64_TO_32_BIT_CONVERSION = YES;
				GCC_WARN_ABOUT_RETURN_TYPE = YES_ERROR;
				GCC_WARN_UNDECLARED_SELECTOR = YES;
				GCC_WARN_UNINITIALIZED_AUTOS = YES_AGGRESSIVE;
				GCC_WARN_UNUSED_FUNCTION = YES;
				GCC_WARN_UNUSED_VARIABLE = YES;
				IPHONEOS_DEPLOYMENT_TARGET = 9.2;
				MTL_ENABLE_DEBUG_INFO = NO;
				SDKROOT = iphoneos;
				TARGETED_DEVICE_FAMILY = "1,2";
				VALIDATE_PRODUCT = YES;
			};
			name = Release;
		};
		6C4CD5731DA20324005C979A /* Debug */ = {
			isa = XCBuildConfiguration;
			baseConfigurationReference = B893780528B91360E070F86E /* Pods-LETSPARTY.debug.xcconfig */;
			buildSettings = {
				ASSETCATALOG_COMPILER_APPICON_NAME = AppIcon;
				CODE_SIGN_ENTITLEMENTS = LETSPARTY/LETSPARTY.entitlements;
				DEVELOPMENT_TEAM = BWRT3HG4C4;
				INFOPLIST_FILE = LETSPARTY/Info.plist;
				LD_RUNPATH_SEARCH_PATHS = "$(inherited) @executable_path/Frameworks";
				PRODUCT_BUNDLE_IDENTIFIER = lichaozhang.LETSPARTY;
				PRODUCT_NAME = "$(TARGET_NAME)";
				SWIFT_VERSION = 3.0;
			};
			name = Debug;
		};
		6C4CD5741DA20324005C979A /* Release */ = {
			isa = XCBuildConfiguration;
			baseConfigurationReference = AE286D153261B1BD21F89E99 /* Pods-LETSPARTY.release.xcconfig */;
			buildSettings = {
				ASSETCATALOG_COMPILER_APPICON_NAME = AppIcon;
				CODE_SIGN_ENTITLEMENTS = LETSPARTY/LETSPARTY.entitlements;
				DEVELOPMENT_TEAM = BWRT3HG4C4;
				INFOPLIST_FILE = LETSPARTY/Info.plist;
				LD_RUNPATH_SEARCH_PATHS = "$(inherited) @executable_path/Frameworks";
				PRODUCT_BUNDLE_IDENTIFIER = lichaozhang.LETSPARTY;
				PRODUCT_NAME = "$(TARGET_NAME)";
				SWIFT_VERSION = 3.0;
			};
			name = Release;
		};
		6C4CD5761DA20324005C979A /* Debug */ = {
			isa = XCBuildConfiguration;
			baseConfigurationReference = F0FBF2BB6221936226AD24B1 /* Pods-LETSPARTYTests.debug.xcconfig */;
			buildSettings = {
				BUNDLE_LOADER = "$(TEST_HOST)";
				INFOPLIST_FILE = LETSPARTYTests/Info.plist;
				LD_RUNPATH_SEARCH_PATHS = "$(inherited) @executable_path/Frameworks @loader_path/Frameworks";
				PRODUCT_BUNDLE_IDENTIFIER = edu.umass.LETSPARTYTests;
				PRODUCT_NAME = "$(TARGET_NAME)";
				SWIFT_VERSION = 3.0;
				TEST_HOST = "$(BUILT_PRODUCTS_DIR)/LETSPARTY.app/LETSPARTY";
			};
			name = Debug;
		};
		6C4CD5771DA20324005C979A /* Release */ = {
			isa = XCBuildConfiguration;
			baseConfigurationReference = F8A108D4C99F5A8697772BF5 /* Pods-LETSPARTYTests.release.xcconfig */;
			buildSettings = {
				BUNDLE_LOADER = "$(TEST_HOST)";
				INFOPLIST_FILE = LETSPARTYTests/Info.plist;
				LD_RUNPATH_SEARCH_PATHS = "$(inherited) @executable_path/Frameworks @loader_path/Frameworks";
				PRODUCT_BUNDLE_IDENTIFIER = edu.umass.LETSPARTYTests;
				PRODUCT_NAME = "$(TARGET_NAME)";
				SWIFT_VERSION = 3.0;
				TEST_HOST = "$(BUILT_PRODUCTS_DIR)/LETSPARTY.app/LETSPARTY";
			};
			name = Release;
		};
		6C4CD5791DA20324005C979A /* Debug */ = {
			isa = XCBuildConfiguration;
			baseConfigurationReference = 94456F36DA943B44273599C7 /* Pods-LETSPARTYUITests.debug.xcconfig */;
			buildSettings = {
				INFOPLIST_FILE = LETSPARTYUITests/Info.plist;
				LD_RUNPATH_SEARCH_PATHS = "$(inherited) @executable_path/Frameworks @loader_path/Frameworks";
				PRODUCT_BUNDLE_IDENTIFIER = edu.umass.LETSPARTYUITests;
				PRODUCT_NAME = "$(TARGET_NAME)";
				SWIFT_VERSION = 3.0;
				TEST_TARGET_NAME = LETSPARTY;
				USES_XCTRUNNER = YES;
			};
			name = Debug;
		};
		6C4CD57A1DA20324005C979A /* Release */ = {
			isa = XCBuildConfiguration;
			baseConfigurationReference = B3138D82D0E3BC078B318191 /* Pods-LETSPARTYUITests.release.xcconfig */;
			buildSettings = {
				INFOPLIST_FILE = LETSPARTYUITests/Info.plist;
				LD_RUNPATH_SEARCH_PATHS = "$(inherited) @executable_path/Frameworks @loader_path/Frameworks";
				PRODUCT_BUNDLE_IDENTIFIER = edu.umass.LETSPARTYUITests;
				PRODUCT_NAME = "$(TARGET_NAME)";
				SWIFT_VERSION = 3.0;
				TEST_TARGET_NAME = LETSPARTY;
				USES_XCTRUNNER = YES;
			};
			name = Release;
		};
/* End XCBuildConfiguration section */

/* Begin XCConfigurationList section */
		6C4CD5421DA20324005C979A /* Build configuration list for PBXProject "LETSPARTY" */ = {
			isa = XCConfigurationList;
			buildConfigurations = (
				6C4CD5701DA20324005C979A /* Debug */,
				6C4CD5711DA20324005C979A /* Release */,
			);
			defaultConfigurationIsVisible = 0;
			defaultConfigurationName = Release;
		};
		6C4CD5721DA20324005C979A /* Build configuration list for PBXNativeTarget "LETSPARTY" */ = {
			isa = XCConfigurationList;
			buildConfigurations = (
				6C4CD5731DA20324005C979A /* Debug */,
				6C4CD5741DA20324005C979A /* Release */,
			);
			defaultConfigurationIsVisible = 0;
			defaultConfigurationName = Release;
		};
		6C4CD5751DA20324005C979A /* Build configuration list for PBXNativeTarget "LETSPARTYTests" */ = {
			isa = XCConfigurationList;
			buildConfigurations = (
				6C4CD5761DA20324005C979A /* Debug */,
				6C4CD5771DA20324005C979A /* Release */,
			);
			defaultConfigurationIsVisible = 0;
			defaultConfigurationName = Release;
		};
		6C4CD5781DA20324005C979A /* Build configuration list for PBXNativeTarget "LETSPARTYUITests" */ = {
			isa = XCConfigurationList;
			buildConfigurations = (
				6C4CD5791DA20324005C979A /* Debug */,
				6C4CD57A1DA20324005C979A /* Release */,
			);
			defaultConfigurationIsVisible = 0;
			defaultConfigurationName = Release;
		};
/* End XCConfigurationList section */

/* Begin XCVersionGroup section */
		6C4CD5511DA20324005C979A /* LETSPARTY.xcdatamodeld */ = {
			isa = XCVersionGroup;
			children = (
				6C4CD5521DA20324005C979A /* LETSPARTY.xcdatamodel */,
			);
			currentVersion = 6C4CD5521DA20324005C979A /* LETSPARTY.xcdatamodel */;
			path = LETSPARTY.xcdatamodeld;
			sourceTree = "<group>";
			versionGroupType = wrapper.xcdatamodel;
		};
/* End XCVersionGroup section */
	};
	rootObject = 6C4CD53F1DA20324005C979A /* Project object */;
}
